
Microsoft Visual Studio Solution File, Format Version 12.00
# Visual Studio Version 17
VisualStudioVersion = 17.3.32922.545
MinimumVisualStudioVersion = 10.0.40219.1
Project("{2150E333-8FDC-42A3-9474-1A3956D46DE8}") = "explorer", "explorer", "{5F52B334-24A6-4A8E-A128-BF60ADF7C17C}"
EndProject
Project("{2150E333-8FDC-42A3-9474-1A3956D46DE8}") = "extensions", "extensions", "{C7A5E89A-7AFA-441F-8357-4E7B7B8AE61A}"
EndProject
Project("{2150E333-8FDC-42A3-9474-1A3956D46DE8}") = "svg", "svg", "{74ECA1CA-CDFE-4E0E-B61A-B17042D4F19D}"
EndProject
Project("{2150E333-8FDC-42A3-9474-1A3956D46DE8}") = "setup", "setup", "{EF26D831-7C64-48FB-87CF-ABA3A3692C1B}"
EndProject
Project("{2150E333-8FDC-42A3-9474-1A3956D46DE8}") = "svg", "svg", "{4B0B2B32-A993-441B-8FCC-9DFDB450694A}"
EndProject
Project("{9A19103F-16F7-4668-BE54-9A1E7A4F7556}") = "iShell.Svg", "src\extensions\svg\iShell.Svg\iShell.Svg.csproj", "{B1B9A0CE-51CC-46DB-8EAA-4235A0F43958}"
EndProject
Project("{54435603-DBB4-11D2-8724-00A0C9A8B90C}") = "iShell.SvgSetupx86", "src\setup\svg\iShell.SvgSetup\iShell.SvgSetup.vdproj", "{06F041EF-452B-4253-98BA-61670DBF3EAE}"
EndProject
Global
	GlobalSection(SolutionConfigurationPlatforms) = preSolution
		Debug|Any CPU = Debug|Any CPU
		Release|Any CPU = Release|Any CPU
	EndGlobalSection
	GlobalSection(ProjectConfigurationPlatforms) = postSolution
		{B1B9A0CE-51CC-46DB-8EAA-4235A0F43958}.Debug|Any CPU.ActiveCfg = Debug|Any CPU
		{B1B9A0CE-51CC-46DB-8EAA-4235A0F43958}.Debug|Any CPU.Build.0 = Debug|Any CPU
		{B1B9A0CE-51CC-46DB-8EAA-4235A0F43958}.Release|Any CPU.ActiveCfg = Release|Any CPU
		{B1B9A0CE-51CC-46DB-8EAA-4235A0F43958}.Release|Any CPU.Build.0 = Release|Any CPU
		{06F041EF-452B-4253-98BA-61670DBF3EAE}.Debug|Any CPU.ActiveCfg = Debug
		{06F041EF-452B-4253-98BA-61670DBF3EAE}.Debug|Any CPU.Build.0 = Debug
		{06F041EF-452B-4253-98BA-61670DBF3EAE}.Release|Any CPU.ActiveCfg = Release
		{06F041EF-452B-4253-98BA-61670DBF3EAE}.Release|Any CPU.Build.0 = Release
	EndGlobalSection
	GlobalSection(SolutionProperties) = preSolution
		HideSolutionNode = FALSE
	EndGlobalSection
	GlobalSection(NestedProjects) = preSolution
		{C7A5E89A-7AFA-441F-8357-4E7B7B8AE61A} = {5F52B334-24A6-4A8E-A128-BF60ADF7C17C}
		{74ECA1CA-CDFE-4E0E-B61A-B17042D4F19D} = {C7A5E89A-7AFA-441F-8357-4E7B7B8AE61A}
		{EF26D831-7C64-48FB-87CF-ABA3A3692C1B} = {5F52B334-24A6-4A8E-A128-BF60ADF7C17C}
		{4B0B2B32-A993-441B-8FCC-9DFDB450694A} = {EF26D831-7C64-48FB-87CF-ABA3A3692C1B}
		{B1B9A0CE-51CC-46DB-8EAA-4235A0F43958} = {74ECA1CA-CDFE-4E0E-B61A-B17042D4F19D}
		{06F041EF-452B-4253-98BA-61670DBF3EAE} = {4B0B2B32-A993-441B-8FCC-9DFDB450694A}
	EndGlobalSection
	GlobalSection(ExtensibilityGlobals) = postSolution
		SolutionGuid = {865B30D7-C009-4E5F-AF69-2873D9859C1F}
	EndGlobalSection
EndGlobal
